// !$*UTF8*$!
{
	archiveVersion = 1;
	classes = {
	};
	objectVersion = 56;
	objects = {

/* Begin PBXBuildFile section */
		2E01B8DB2B4D907600046A96 /* AppDelegate.swift in Sources */ = {isa = PBXBuildFile; fileRef = 2E01B8DA2B4D907600046A96 /* AppDelegate.swift */; };
		2E01B8DD2B4D907600046A96 /* SceneDelegate.swift in Sources */ = {isa = PBXBuildFile; fileRef = 2E01B8DC2B4D907600046A96 /* SceneDelegate.swift */; };
		2E01B8E22B4D907600046A96 /* Main.storyboard in Resources */ = {isa = PBXBuildFile; fileRef = 2E01B8E02B4D907600046A96 /* Main.storyboard */; };
		2E01B8E42B4D907700046A96 /* Assets.xcassets in Resources */ = {isa = PBXBuildFile; fileRef = 2E01B8E32B4D907700046A96 /* Assets.xcassets */; };
		2E01B8E72B4D907700046A96 /* LaunchScreen.storyboard in Resources */ = {isa = PBXBuildFile; fileRef = 2E01B8E52B4D907700046A96 /* LaunchScreen.storyboard */; };
		2E01B8F02B4D946A00046A96 /* PopularDestinationCollectionViewController.swift in Sources */ = {isa = PBXBuildFile; fileRef = 2E01B8EF2B4D946A00046A96 /* PopularDestinationCollectionViewController.swift */; };
		2E01B8F32B4D947600046A96 /* PopularDestinationCollectionViewCell.swift in Sources */ = {isa = PBXBuildFile; fileRef = 2E01B8F12B4D947600046A96 /* PopularDestinationCollectionViewCell.swift */; };
		2E01B8F42B4D947600046A96 /* PopularDestinationCollectionViewCell.xib in Resources */ = {isa = PBXBuildFile; fileRef = 2E01B8F22B4D947600046A96 /* PopularDestinationCollectionViewCell.xib */; };
		2E01B8F72B4DA0D900046A96 /* Kingfisher in Frameworks */ = {isa = PBXBuildFile; productRef = 2E01B8F62B4DA0D900046A96 /* Kingfisher */; };
		2EF789922B4EE5490009CB5D /* Protocol.swift in Sources */ = {isa = PBXBuildFile; fileRef = 2EF789912B4EE5490009CB5D /* Protocol.swift */; };
/* End PBXBuildFile section */

/* Begin PBXFileReference section */
		2E01B8D72B4D907600046A96 /* PopularTravelDestination.app */ = {isa = PBXFileReference; explicitFileType = wrapper.application; includeInIndex = 0; path = PopularTravelDestination.app; sourceTree = BUILT_PRODUCTS_DIR; };
		2E01B8DA2B4D907600046A96 /* AppDelegate.swift */ = {isa = PBXFileReference; lastKnownFileType = sourcecode.swift; path = AppDelegate.swift; sourceTree = "<group>"; };
		2E01B8DC2B4D907600046A96 /* SceneDelegate.swift */ = {isa = PBXFileReference; lastKnownFileType = sourcecode.swift; path = SceneDelegate.swift; sourceTree = "<group>"; };
		2E01B8E12B4D907600046A96 /* Base */ = {isa = PBXFileReference; lastKnownFileType = file.storyboard; name = Base; path = Base.lproj/Main.storyboard; sourceTree = "<group>"; };
		2E01B8E32B4D907700046A96 /* Assets.xcassets */ = {isa = PBXFileReference; lastKnownFileType = folder.assetcatalog; path = Assets.xcassets; sourceTree = "<group>"; };
		2E01B8E62B4D907700046A96 /* Base */ = {isa = PBXFileReference; lastKnownFileType = file.storyboard; name = Base; path = Base.lproj/LaunchScreen.storyboard; sourceTree = "<group>"; };
		2E01B8E82B4D907700046A96 /* Info.plist */ = {isa = PBXFileReference; lastKnownFileType = text.plist.xml; path = Info.plist; sourceTree = "<group>"; };
		2E01B8EF2B4D946A00046A96 /* PopularDestinationCollectionViewController.swift */ = {isa = PBXFileReference; lastKnownFileType = sourcecode.swift; path = PopularDestinationCollectionViewController.swift; sourceTree = "<group>"; };
		2E01B8F12B4D947600046A96 /* PopularDestinationCollectionViewCell.swift */ = {isa = PBXFileReference; lastKnownFileType = sourcecode.swift; path = PopularDestinationCollectionViewCell.swift; sourceTree = "<group>"; };
		2E01B8F22B4D947600046A96 /* PopularDestinationCollectionViewCell.xib */ = {isa = PBXFileReference; lastKnownFileType = file.xib; path = PopularDestinationCollectionViewCell.xib; sourceTree = "<group>"; };
		2EF789912B4EE5490009CB5D /* Protocol.swift */ = {isa = PBXFileReference; lastKnownFileType = sourcecode.swift; path = Protocol.swift; sourceTree = "<group>"; };
/* End PBXFileReference section */

/* Begin PBXFrameworksBuildPhase section */
		2E01B8D42B4D907600046A96 /* Frameworks */ = {
			isa = PBXFrameworksBuildPhase;
			buildActionMask = 2147483647;
			files = (
				2E01B8F72B4DA0D900046A96 /* Kingfisher in Frameworks */,
			);
			runOnlyForDeploymentPostprocessing = 0;
		};
/* End PBXFrameworksBuildPhase section */

/* Begin PBXGroup section */
		2E01B8CE2B4D907600046A96 = {
			isa = PBXGroup;
			children = (
				2E01B8D92B4D907600046A96 /* PopularTravelDestination */,
				2E01B8D82B4D907600046A96 /* Products */,
			);
			sourceTree = "<group>";
		};
		2E01B8D82B4D907600046A96 /* Products */ = {
			isa = PBXGroup;
			children = (
				2E01B8D72B4D907600046A96 /* PopularTravelDestination.app */,
			);
			name = Products;
			sourceTree = "<group>";
		};
		2E01B8D92B4D907600046A96 /* PopularTravelDestination */ = {
			isa = PBXGroup;
			children = (
				2E01B8DA2B4D907600046A96 /* AppDelegate.swift */,
				2E01B8DC2B4D907600046A96 /* SceneDelegate.swift */,
				2E01B8EE2B4D93D100046A96 /* PopularDestination */,
				2E01B8E02B4D907600046A96 /* Main.storyboard */,
				2E01B8E32B4D907700046A96 /* Assets.xcassets */,
				2E01B8E52B4D907700046A96 /* LaunchScreen.storyboard */,
				2E01B8E82B4D907700046A96 /* Info.plist */,
			);
			path = PopularTravelDestination;
			sourceTree = "<group>";
		};
		2E01B8EE2B4D93D100046A96 /* PopularDestination */ = {
			isa = PBXGroup;
			children = (
				2E01B8EF2B4D946A00046A96 /* PopularDestinationCollectionViewController.swift */,
				2E01B8F12B4D947600046A96 /* PopularDestinationCollectionViewCell.swift */,
				2E01B8F22B4D947600046A96 /* PopularDestinationCollectionViewCell.xib */,
				2EF789912B4EE5490009CB5D /* Protocol.swift */,
			);
			path = PopularDestination;
			sourceTree = "<group>";
		};
/* End PBXGroup section */

/* Begin PBXNativeTarget section */
		2E01B8D62B4D907600046A96 /* PopularTravelDestination */ = {
			isa = PBXNativeTarget;
			buildConfigurationList = 2E01B8EB2B4D907700046A96 /* Build configuration list for PBXNativeTarget "PopularTravelDestination" */;
			buildPhases = (
				2E01B8D32B4D907600046A96 /* Sources */,
				2E01B8D42B4D907600046A96 /* Frameworks */,
				2E01B8D52B4D907600046A96 /* Resources */,
			);
			buildRules = (
			);
			dependencies = (
			);
			name = PopularTravelDestination;
			packageProductDependencies = (
				2E01B8F62B4DA0D900046A96 /* Kingfisher */,
			);
			productName = PopularTravelDestination;
			productReference = 2E01B8D72B4D907600046A96 /* PopularTravelDestination.app */;
			productType = "com.apple.product-type.application";
		};
/* End PBXNativeTarget section */

/* Begin PBXProject section */
		2E01B8CF2B4D907600046A96 /* Project object */ = {
			isa = PBXProject;
			attributes = {
				BuildIndependentTargetsInParallel = 1;
				LastSwiftUpdateCheck = 1510;
				LastUpgradeCheck = 1510;
				TargetAttributes = {
					2E01B8D62B4D907600046A96 = {
						CreatedOnToolsVersion = 15.1;
					};
				};
			};
			buildConfigurationList = 2E01B8D22B4D907600046A96 /* Build configuration list for PBXProject "PopularTravelDestination" */;
			compatibilityVersion = "Xcode 14.0";
			developmentRegion = en;
			hasScannedForEncodings = 0;
			knownRegions = (
				en,
				Base,
			);
			mainGroup = 2E01B8CE2B4D907600046A96;
			packageReferences = (
				2E01B8F52B4DA0D900046A96 /* XCRemoteSwiftPackageReference "Kingfisher" */,
			);
			productRefGroup = 2E01B8D82B4D907600046A96 /* Products */;
			projectDirPath = "";
			projectRoot = "";
			targets = (
				2E01B8D62B4D907600046A96 /* PopularTravelDestination */,
			);
		};
/* End PBXProject section */

/* Begin PBXResourcesBuildPhase section */
		2E01B8D52B4D907600046A96 /* Resources */ = {
			isa = PBXResourcesBuildPhase;
			buildActionMask = 2147483647;
			files = (
				2E01B8E72B4D907700046A96 /* LaunchScreen.storyboard in Resources */,
				2E01B8F42B4D947600046A96 /* PopularDestinationCollectionViewCell.xib in Resources */,
				2E01B8E42B4D907700046A96 /* Assets.xcassets in Resources */,
				2E01B8E22B4D907600046A96 /* Main.storyboard in Resources */,
			);
			runOnlyForDeploymentPostprocessing = 0;
		};
/* End PBXResourcesBuildPhase section */

/* Begin PBXSourcesBuildPhase section */
		2E01B8D32B4D907600046A96 /* Sources */ = {
			isa = PBXSourcesBuildPhase;
			buildActionMask = 2147483647;
			files = (
				2E01B8F02B4D946A00046A96 /* PopularDestinationCollectionViewController.swift in Sources */,
				2E01B8F32B4D947600046A96 /* PopularDestinationCollectionViewCell.swift in Sources */,
				2E01B8DB2B4D907600046A96 /* AppDelegate.swift in Sources */,
				2E01B8DD2B4D907600046A96 /* SceneDelegate.swift in Sources */,
				2EF789922B4EE5490009CB5D /* Protocol.swift in Sources */,
			);
			runOnlyForDeploymentPostprocessing = 0;
		};
/* End PBXSourcesBuildPhase section */

/* Begin PBXVariantGroup section */
		2E01B8E02B4D907600046A96 /* Main.storyboard */ = {
			isa = PBXVariantGroup;
			children = (
				2E01B8E12B4D907600046A96 /* Base */,
			);
			name = Main.storyboard;
			sourceTree = "<group>";
		};
		2E01B8E52B4D907700046A96 /* LaunchScreen.storyboard */ = {
			isa = PBXVariantGroup;
			children = (
				2E01B8E62B4D907700046A96 /* Base */,
			);
			name = LaunchScreen.storyboard;
			sourceTree = "<group>";
		};
/* End PBXVariantGroup section */

/* Begin XCBuildConfiguration section */
		2E01B8E92B4D907700046A96 /* Debug */ = {
			isa = XCBuildConfiguration;
			buildSettings = {
				ALWAYS_SEARCH_USER_PATHS = NO;
				ASSETCATALOG_COMPILER_GENERATE_SWIFT_ASSET_SYMBOL_EXTENSIONS = YES;
				CLANG_ANALYZER_NONNULL = YES;
				CLANG_ANALYZER_NUMBER_OBJECT_CONVERSION = YES_AGGRESSIVE;
				CLANG_CXX_LANGUAGE_STANDARD = "gnu++20";
				CLANG_ENABLE_MODULES = YES;
				CLANG_ENABLE_OBJC_ARC = YES;
				CLANG_ENABLE_OBJC_WEAK = YES;
				CLANG_WARN_BLOCK_CAPTURE_AUTORELEASING = YES;
				CLANG_WARN_BOOL_CONVERSION = YES;
				CLANG_WARN_COMMA = YES;
				CLANG_WARN_CONSTANT_CONVERSION = YES;
				CLANG_WARN_DEPRECATED_OBJC_IMPLEMENTATIONS = YES;
				CLANG_WARN_DIRECT_OBJC_ISA_USAGE = YES_ERROR;
				CLANG_WARN_DOCUMENTATION_COMMENTS = YES;
				CLANG_WARN_EMPTY_BODY = YES;
				CLANG_WARN_ENUM_CONVERSION = YES;
				CLANG_WARN_INFINITE_RECURSION = YES;
				CLANG_WARN_INT_CONVERSION = YES;
				CLANG_WARN_NON_LITERAL_NULL_CONVERSION = YES;
				CLANG_WARN_OBJC_IMPLICIT_RETAIN_SELF = YES;
				CLANG_WARN_OBJC_LITERAL_CONVERSION = YES;
				CLANG_WARN_OBJC_ROOT_CLASS = YES_ERROR;
				CLANG_WARN_QUOTED_INCLUDE_IN_FRAMEWORK_HEADER = YES;
				CLANG_WARN_RANGE_LOOP_ANALYSIS = YES;
				CLANG_WARN_STRICT_PROTOTYPES = YES;
				CLANG_WARN_SUSPICIOUS_MOVE = YES;
				CLANG_WARN_UNGUARDED_AVAILABILITY = YES_AGGRESSIVE;
				CLANG_WARN_UNREACHABLE_CODE = YES;
				CLANG_WARN__DUPLICATE_METHOD_MATCH = YES;
				COPY_PHASE_STRIP = NO;
				DEBUG_INFORMATION_FORMAT = dwarf;
				ENABLE_STRICT_OBJC_MSGSEND = YES;
				ENABLE_TESTABILITY = YES;
				ENABLE_USER_SCRIPT_SANDBOXING = YES;
				GCC_C_LANGUAGE_STANDARD = gnu17;
				GCC_DYNAMIC_NO_PIC = NO;
				GCC_NO_COMMON_BLOCKS = YES;
				GCC_OPTIMIZATION_LEVEL = 0;
				GCC_PREPROCESSOR_DEFINITIONS = (
					"DEBUG=1",
					"$(inherited)",
				);
				GCC_WARN_64_TO_32_BIT_CONVERSION = YES;
				GCC_WARN_ABOUT_RETURN_TYPE = YES_ERROR;
				GCC_WARN_UNDECLARED_SELECTOR = YES;
				GCC_WARN_UNINITIALIZED_AUTOS = YES_AGGRESSIVE;
				GCC_WARN_UNUSED_FUNCTION = YES;
				GCC_WARN_UNUSED_VARIABLE = YES;
				IPHONEOS_DEPLOYMENT_TARGET = 17.2;
				LOCALIZATION_PREFERS_STRING_CATALOGS = YES;
				MTL_ENABLE_DEBUG_INFO = INCLUDE_SOURCE;
				MTL_FAST_MATH = YES;
				ONLY_ACTIVE_ARCH = YES;
				SDKROOT = iphoneos;
				SWIFT_ACTIVE_COMPILATION_CONDITIONS = "DEBUG $(inherited)";
				SWIFT_OPTIMIZATION_LEVEL = "-Onone";
			};
			name = Debug;
		};
		2E01B8EA2B4D907700046A96 /* Release */ = {
			isa = XCBuildConfiguration;
			buildSettings = {
				ALWAYS_SEARCH_USER_PATHS = NO;
				ASSETCATALOG_COMPILER_GENERATE_SWIFT_ASSET_SYMBOL_EXTENSIONS = YES;
				CLANG_ANALYZER_NONNULL = YES;
				CLANG_ANALYZER_NUMBER_OBJECT_CONVERSION = YES_AGGRESSIVE;
				CLANG_CXX_LANGUAGE_STANDARD = "gnu++20";
				CLANG_ENABLE_MODULES = YES;
				CLANG_ENABLE_OBJC_ARC = YES;
				CLANG_ENABLE_OBJC_WEAK = YES;
				CLANG_WARN_BLOCK_CAPTURE_AUTORELEASING = YES;
				CLANG_WARN_BOOL_CONVERSION = YES;
				CLANG_WARN_COMMA = YES;
				CLANG_WARN_CONSTANT_CONVERSION = YES;
				CLANG_WARN_DEPRECATED_OBJC_IMPLEMENTATIONS = YES;
				CLANG_WARN_DIRECT_OBJC_ISA_USAGE = YES_ERROR;
				CLANG_WARN_DOCUMENTATION_COMMENTS = YES;
				CLANG_WARN_EMPTY_BODY = YES;
				CLANG_WARN_ENUM_CONVERSION = YES;
				CLANG_WARN_INFINITE_RECURSION = YES;
				CLANG_WARN_INT_CONVERSION = YES;
				CLANG_WARN_NON_LITERAL_NULL_CONVERSION = YES;
				CLANG_WARN_OBJC_IMPLICIT_RETAIN_SELF = YES;
				CLANG_WARN_OBJC_LITERAL_CONVERSION = YES;
				CLANG_WARN_OBJC_ROOT_CLASS = YES_ERROR;
				CLANG_WARN_QUOTED_INCLUDE_IN_FRAMEWORK_HEADER = YES;
				CLANG_WARN_RANGE_LOOP_ANALYSIS = YES;
				CLANG_WARN_STRICT_PROTOTYPES = YES;
				CLANG_WARN_SUSPICIOUS_MOVE = YES;
				CLANG_WARN_UNGUARDED_AVAILABILITY = YES_AGGRESSIVE;
				CLANG_WARN_UNREACHABLE_CODE = YES;
				CLANG_WARN__DUPLICATE_METHOD_MATCH = YES;
				COPY_PHASE_STRIP = NO;
				DEBUG_INFORMATION_FORMAT = "dwarf-with-dsym";
				ENABLE_NS_ASSERTIONS = NO;
				ENABLE_STRICT_OBJC_MSGSEND = YES;
				ENABLE_USER_SCRIPT_SANDBOXING = YES;
				GCC_C_LANGUAGE_STANDARD = gnu17;
				GCC_NO_COMMON_BLOCKS = YES;
				GCC_WARN_64_TO_32_BIT_CONVERSION = YES;
				GCC_WARN_ABOUT_RETURN_TYPE = YES_ERROR;
				GCC_WARN_UNDECLARED_SELECTOR = YES;
				GCC_WARN_UNINITIALIZED_AUTOS = YES_AGGRESSIVE;
				GCC_WARN_UNUSED_FUNCTION = YES;
				GCC_WARN_UNUSED_VARIABLE = YES;
				IPHONEOS_DEPLOYMENT_TARGET = 17.2;
				LOCALIZATION_PREFERS_STRING_CATALOGS = YES;
				MTL_ENABLE_DEBUG_INFO = NO;
				MTL_FAST_MATH = YES;
				SDKROOT = iphoneos;
				SWIFT_COMPILATION_MODE = wholemodule;
				VALIDATE_PRODUCT = YES;
			};
			name = Release;
		};
		2E01B8EC2B4D907700046A96 /* Debug */ = {
			isa = XCBuildConfiguration;
			buildSettings = {
				ASSETCATALOG_COMPILER_APPICON_NAME = AppIcon;
				ASSETCATALOG_COMPILER_GLOBAL_ACCENT_COLOR_NAME = AccentColor;
				CODE_SIGN_STYLE = Automatic;
				CURRENT_PROJECT_VERSION = 1;
				DEVELOPMENT_TEAM = Q37X3LG46V;
				GENERATE_INFOPLIST_FILE = YES;
				INFOPLIST_FILE = PopularTravelDestination/Info.plist;
				INFOPLIST_KEY_UIApplicationSupportsIndirectInputEvents = YES;
				INFOPLIST_KEY_UILaunchStoryboardName = LaunchScreen;
				INFOPLIST_KEY_UIMainStoryboardFile = Main;
				INFOPLIST_KEY_UISupportedInterfaceOrientations_iPad = "UIInterfaceOrientationPortrait UIInterfaceOrientationPortraitUpsideDown UIInterfaceOrientationLandscapeLeft UIInterfaceOrientationLandscapeRight";
				INFOPLIST_KEY_UISupportedInterfaceOrientations_iPhone = "UIInterfaceOrientationPortrait UIInterfaceOrientationLandscapeLeft UIInterfaceOrientationLandscapeRight";
				LD_RUNPATH_SEARCH_PATHS = (
					"$(inherited)",
					"@executable_path/Frameworks",
				);
				MARKETING_VERSION = 1.0;
				PRODUCT_BUNDLE_IDENTIFIER = hwijin.PopularTravelDestination;
				PRODUCT_NAME = "$(TARGET_NAME)";
				SUPPORTED_PLATFORMS = "iphoneos iphonesimulator";
				SUPPORTS_MACCATALYST = NO;
				SUPPORTS_MAC_DESIGNED_FOR_IPHONE_IPAD = NO;
				SWIFT_EMIT_LOC_STRINGS = YES;
				SWIFT_VERSION = 5.0;
				TARGETED_DEVICE_FAMILY = 1;
			};
			name = Debug;
		};
		2E01B8ED2B4D907700046A96 /* Release */ = {
			isa = XCBuildConfiguration;
			buildSettings = {
				ASSETCATALOG_COMPILER_APPICON_NAME = AppIcon;
				ASSETCATALOG_COMPILER_GLOBAL_ACCENT_COLOR_NAME = AccentColor;
				CODE_SIGN_STYLE = Automatic;
				CURRENT_PROJECT_VERSION = 1;
				DEVELOPMENT_TEAM = Q37X3LG46V;
				GENERATE_INFOPLIST_FILE = YES;
				INFOPLIST_FILE = PopularTravelDestination/Info.plist;
				INFOPLIST_KEY_UIApplicationSupportsIndirectInputEvents = YES;
				INFOPLIST_KEY_UILaunchStoryboardName = LaunchScreen;
				INFOPLIST_KEY_UIMainStoryboardFile = Main;
				INFOPLIST_KEY_UISupportedInterfaceOrientations_iPad = "UIInterfaceOrientationPortrait UIInterfaceOrientationPortraitUpsideDown UIInterfaceOrientationLandscapeLeft UIInterfaceOrientationLandscapeRight";
				INFOPLIST_KEY_UISupportedInterfaceOrientations_iPhone = "UIInterfaceOrientationPortrait UIInterfaceOrientationLandscapeLeft UIInterfaceOrientationLandscapeRight";
				LD_RUNPATH_SEARCH_PATHS = (
					"$(inherited)",
					"@executable_path/Frameworks",
				);
				MARKETING_VERSION = 1.0;
				PRODUCT_BUNDLE_IDENTIFIER = hwijin.PopularTravelDestination;
				PRODUCT_NAME = "$(TARGET_NAME)";
				SUPPORTED_PLATFORMS = "iphoneos iphonesimulator";
				SUPPORTS_MACCATALYST = NO;
				SUPPORTS_MAC_DESIGNED_FOR_IPHONE_IPAD = NO;
				SWIFT_EMIT_LOC_STRINGS = YES;
				SWIFT_VERSION = 5.0;
				TARGETED_DEVICE_FAMILY = 1;
			};
			name = Release;
		};
/* End XCBuildConfiguration section */

/* Begin XCConfigurationList section */
		2E01B8D22B4D907600046A96 /* Build configuration list for PBXProject "PopularTravelDestination" */ = {
			isa = XCConfigurationList;
			buildConfigurations = (
				2E01B8E92B4D907700046A96 /* Debug */,
				2E01B8EA2B4D907700046A96 /* Release */,
			);
			defaultConfigurationIsVisible = 0;
			defaultConfigurationName = Release;
		};
		2E01B8EB2B4D907700046A96 /* Build configuration list for PBXNativeTarget "PopularTravelDestination" */ = {
			isa = XCConfigurationList;
			buildConfigurations = (
				2E01B8EC2B4D907700046A96 /* Debug */,
				2E01B8ED2B4D907700046A96 /* Release */,
			);
			defaultConfigurationIsVisible = 0;
			defaultConfigurationName = Release;
		};
/* End XCConfigurationList section */

/* Begin XCRemoteSwiftPackageReference section */
		2E01B8F52B4DA0D900046A96 /* XCRemoteSwiftPackageReference "Kingfisher" */ = {
			isa = XCRemoteSwiftPackageReference;
			repositoryURL = "https://github.com/onevcat/Kingfisher";
			requirement = {
				kind = upToNextMajorVersion;
				minimumVersion = 7.10.1;
			};
		};
/* End XCRemoteSwiftPackageReference section */

/* Begin XCSwiftPackageProductDependency section */
		2E01B8F62B4DA0D900046A96 /* Kingfisher */ = {
			isa = XCSwiftPackageProductDependency;
			package = 2E01B8F52B4DA0D900046A96 /* XCRemoteSwiftPackageReference "Kingfisher" */;
			productName = Kingfisher;
		};
/* End XCSwiftPackageProductDependency section */
	};
	rootObject = 2E01B8CF2B4D907600046A96 /* Project object */;
}
